<?xml version="1.0" encoding="utf-8"?>
<Project ToolsVersion="4.0" xmlns="http://schemas.microsoft.com/developer/msbuild/2003">
  <ItemGroup>
    <Filter Include="Source Files">
      <UniqueIdentifier>{4FC737F1-C7A5-4376-A066-2A32D752A2FF}</UniqueIdentifier>
      <Extensions>cpp;c;cc;cxx;c++;cppm;ixx;def;odl;idl;hpj;bat;asm;asmx</Extensions>
    </Filter>
    <Filter Include="Header Files">
      <UniqueIdentifier>{93995380-89BD-4b04-88EB-625FBE52EBFB}</UniqueIdentifier>
      <Extensions>h;hh;hpp;hxx;h++;hm;inl;inc;ipp;xsd</Extensions>
    </Filter>
    <Filter Include="Resource Files">
      <UniqueIdentifier>{67DA6AB6-F800-4c08-8B7A-83BB121AAD01}</UniqueIdentifier>
      <Extensions>rc;ico;cur;bmp;dlg;rc2;rct;bin;rgs;gif;jpg;jpeg;jpe;resx;tiff;tif;png;wav;mfcribbon-ms</Extensions>
    </Filter>
    <Filter Include="Resource Files\Shaders">
      <UniqueIdentifier>{c7136d3d-f648-4c66-9fb6-e3a42f6a2e2e}</UniqueIdentifier>
    </Filter>
    <Filter Include="Source Files\GoL">
      <UniqueIdentifier>{aedd7222-dad6-419b-91dc-551894fe9c51}</UniqueIdentifier>
    </Filter>
    <Filter Include="Source Files\Engine">
      <UniqueIdentifier>{d85e4cfe-6929-481d-94eb-6cf003891d2d}</UniqueIdentifier>
    </Filter>
    <Filter Include="Source Files\Engine\Util">
      <UniqueIdentifier>{9a59923b-6853-4fdc-8b38-e2160b990108}</UniqueIdentifier>
    </Filter>
    <Filter Include="Source Files\Engine\Events">
      <UniqueIdentifier>{fa761c94-ae93-44f8-82f2-9b364c738884}</UniqueIdentifier>
    </Filter>
    <Filter Include="Source Files\Engine\Core">
      <UniqueIdentifier>{f72e0b41-a089-4d0e-95e9-1154c50f4207}</UniqueIdentifier>
    </Filter>
  </ItemGroup>
  <ItemGroup>
    <ClCompile Include="Source.cpp">
      <Filter>Source Files</Filter>
    </ClCompile>
    <ClCompile Include="GLErrorHandler.cpp">
      <Filter>Source Files</Filter>
    </ClCompile>
    <ClCompile Include="Application.cpp">
      <Filter>Source Files\Engine\Core</Filter>
    </ClCompile>
    <ClCompile Include="Window.cpp">
      <Filter>Source Files\Engine\Core</Filter>
    </ClCompile>
    <ClCompile Include="GameOfLife.cpp">
      <Filter>Source Files\GoL</Filter>
    </ClCompile>
    <ClCompile Include="Shader.cpp">
      <Filter>Source Files\Engine\Util</Filter>
    </ClCompile>
    <ClCompile Include="Input.cpp">
      <Filter>Source Files\Engine\Core</Filter>
    </ClCompile>
    <ClCompile Include="OrthographicCamera.cpp">
      <Filter>Source Files\Engine\Util</Filter>
    </ClCompile>
    <ClCompile Include="OrthographicCameraController.cpp">
      <Filter>Source Files\Engine\Util</Filter>
    </ClCompile>
  </ItemGroup>
  <ItemGroup>
    <None Include="basic.frag.shader">
      <Filter>Resource Files\Shaders</Filter>
    </None>
    <None Include="basic.vert.shader">
      <Filter>Resource Files\Shaders</Filter>
    </None>
    <None Include="GoL.frag.shader">
      <Filter>Resource Files\Shaders</Filter>
    </None>
    <None Include="noise.frag.shader">
      <Filter>Resource Files\Shaders</Filter>
    </None>
    <None Include="GoL.vert.shader">
      <Filter>Resource Files\Shaders</Filter>
    </None>
    <None Include="noise.vert.shader">
      <Filter>Resource Files\Shaders</Filter>
    </None>
    <None Include="Paint.frag.shader">
      <Filter>Resource Files\Shaders</Filter>
    </None>
    <None Include="Paint.vert.shader">
      <Filter>Resource Files\Shaders</Filter>
    </None>
  </ItemGroup>
  <ItemGroup>
    <ClInclude Include="GLErrorHandler.h">
      <Filter>Source Files</Filter>
    </ClInclude>
    <ClInclude Include="Application.h">
      <Filter>Source Files\Engine\Core</Filter>
    </ClInclude>
    <ClInclude Include="Window.h">
      <Filter>Source Files\Engine\Core</Filter>
    </ClInclude>
    <ClInclude Include="TimeStep.h">
      <Filter>Source Files\Engine\Core</Filter>
    </ClInclude>
    <ClInclude Include="GameOfLife.h">
      <Filter>Source Files\GoL</Filter>
    </ClInclude>
    <ClInclude Include="Event.h">
      <Filter>Source Files\Engine\Events</Filter>
    </ClInclude>
    <ClInclude Include="KeyEvent.h">
      <Filter>Source Files\Engine\Events</Filter>
    </ClInclude>
    <ClInclude Include="MouseEvent.h">
      <Filter>Source Files\Engine\Events</Filter>
    </ClInclude>
    <ClInclude Include="WindowEvent.h">
      <Filter>Source Files\Engine\Events</Filter>
    </ClInclude>
    <ClInclude Include="Shader.h">
      <Filter>Source Files\Engine\Util</Filter>
    </ClInclude>
    <ClInclude Include="GL.h">
      <Filter>Source Files\Engine</Filter>
    </ClInclude>
    <ClInclude Include="GLUtils.h">
      <Filter>Source Files\Engine</Filter>
    </ClInclude>
    <ClInclude Include="pch.h">
      <Filter>Source Files\Engine</Filter>
    </ClInclude>
    <ClInclude Include="Input.h">
      <Filter>Source Files\Engine\Core</Filter>
    </ClInclude>
    <ClInclude Include="KeyCodes.h">
      <Filter>Source Files\Engine\Core</Filter>
    </ClInclude>
    <ClInclude Include="MouseCodes.h">
      <Filter>Source Files\Engine\Core</Filter>
    </ClInclude>
    <ClInclude Include="OrthographicCamera.h">
      <Filter>Source Files\Engine\Util</Filter>
    </ClInclude>
    <ClInclude Include="OrthographicCameraController.h">
      <Filter>Source Files\Engine\Util</Filter>
    </ClInclude>
  </ItemGroup>
</Project>